
Microsoft Visual Studio Solution File, Format Version 12.00
# Visual Studio Version 17
VisualStudioVersion = 17.10.35013.160
MinimumVisualStudioVersion = 10.0.40219.1
Project("{2150E333-8FDC-42A3-9474-1A3956D46DE8}") = "src", "src", "{2422F3D8-A9E4-480F-A25B-372EE2184C02}"
EndProject
Project("{2150E333-8FDC-42A3-9474-1A3956D46DE8}") = "tests", "tests", "{2C202FFA-4041-4AF6-B384-1D0098CF40CD}"
EndProject
Project("{9A19103F-16F7-4668-BE54-9A1E7A4F7556}") = "Gnoseis.Core", "src\Gnoseis.Core\Gnoseis.Core.csproj", "{0F757832-3345-442D-AA1F-422FD422116D}"
EndProject
Project("{9A19103F-16F7-4668-BE54-9A1E7A4F7556}") = "Gnoseis.App", "src\Gnoseis.App\Gnoseis.App.csproj", "{95601854-2DF9-48BE-9AB9-CA7819E852D4}"
EndProject
Project("{9A19103F-16F7-4668-BE54-9A1E7A4F7556}") = "Gnoseis.Core.Tests", "tests\Gnoseis.Core.Tests\Gnoseis.Core.Tests.csproj", "{19CA5992-CC42-45FF-9199-13C2FA454CF7}"
EndProject
Project("{2150E333-8FDC-42A3-9474-1A3956D46DE8}") = "tools", "tools", "{07C2787E-EAC7-C090-1BA3-A61EC2A24D84}"
EndProject
Project("{FAE04EC0-301F-11D3-BF4B-00C04F79EFBC}") = "Gnoseis.DemoData", "tools\Gnoseis.DemoData\Gnoseis.DemoData.csproj", "{203240E6-5631-4564-AC6C-6E44B7F5FF29}"
EndProject
Global
	GlobalSection(SolutionConfigurationPlatforms) = preSolution
		Debug|x64 = Debug|x64
		Debug|x86 = Debug|x86
		Debug|ARM64 = Debug|ARM64
		Debug|Any CPU = Debug|Any CPU
		Release|x64 = Release|x64
		Release|x86 = Release|x86
		Release|ARM64 = Release|ARM64
		Release|Any CPU = Release|Any CPU
	EndGlobalSection
	GlobalSection(ProjectConfigurationPlatforms) = postSolution
		{0F757832-3345-442D-AA1F-422FD422116D}.Debug|x64.ActiveCfg = Debug|Any CPU
		{0F757832-3345-442D-AA1F-422FD422116D}.Debug|x64.Build.0 = Debug|Any CPU
		{0F757832-3345-442D-AA1F-422FD422116D}.Debug|x86.ActiveCfg = Debug|Any CPU
		{0F757832-3345-442D-AA1F-422FD422116D}.Debug|x86.Build.0 = Debug|Any CPU
		{0F757832-3345-442D-AA1F-422FD422116D}.Debug|ARM64.ActiveCfg = Debug|Any CPU
		{0F757832-3345-442D-AA1F-422FD422116D}.Debug|ARM64.Build.0 = Debug|Any CPU
		{0F757832-3345-442D-AA1F-422FD422116D}.Debug|Any CPU.ActiveCfg = Debug|Any CPU
		{0F757832-3345-442D-AA1F-422FD422116D}.Debug|Any CPU.Build.0 = Debug|Any CPU
		{0F757832-3345-442D-AA1F-422FD422116D}.Release|x64.ActiveCfg = Release|Any CPU
		{0F757832-3345-442D-AA1F-422FD422116D}.Release|x64.Build.0 = Release|Any CPU
		{0F757832-3345-442D-AA1F-422FD422116D}.Release|x86.ActiveCfg = Release|Any CPU
		{0F757832-3345-442D-AA1F-422FD422116D}.Release|x86.Build.0 = Release|Any CPU
		{0F757832-3345-442D-AA1F-422FD422116D}.Release|ARM64.ActiveCfg = Release|Any CPU
		{0F757832-3345-442D-AA1F-422FD422116D}.Release|ARM64.Build.0 = Release|Any CPU
		{0F757832-3345-442D-AA1F-422FD422116D}.Release|Any CPU.ActiveCfg = Release|Any CPU
		{0F757832-3345-442D-AA1F-422FD422116D}.Release|Any CPU.Build.0 = Release|Any CPU
		{95601854-2DF9-48BE-9AB9-CA7819E852D4}.Debug|x64.ActiveCfg = Debug|x64
		{95601854-2DF9-48BE-9AB9-CA7819E852D4}.Debug|x64.Build.0 = Debug|x64
		{95601854-2DF9-48BE-9AB9-CA7819E852D4}.Debug|x86.ActiveCfg = Debug|x86
		{95601854-2DF9-48BE-9AB9-CA7819E852D4}.Debug|x86.Build.0 = Debug|x86
		{95601854-2DF9-48BE-9AB9-CA7819E852D4}.Debug|ARM64.ActiveCfg = Debug|ARM64
		{95601854-2DF9-48BE-9AB9-CA7819E852D4}.Debug|ARM64.Build.0 = Debug|ARM64
		{95601854-2DF9-48BE-9AB9-CA7819E852D4}.Debug|Any CPU.ActiveCfg = Debug|Any CPU
		{95601854-2DF9-48BE-9AB9-CA7819E852D4}.Debug|Any CPU.Build.0 = Debug|Any CPU
		{95601854-2DF9-48BE-9AB9-CA7819E852D4}.Release|x64.ActiveCfg = Release|x64
		{95601854-2DF9-48BE-9AB9-CA7819E852D4}.Release|x64.Build.0 = Release|x64
		{95601854-2DF9-48BE-9AB9-CA7819E852D4}.Release|x86.ActiveCfg = Release|x86
		{95601854-2DF9-48BE-9AB9-CA7819E852D4}.Release|x86.Build.0 = Release|x86
		{95601854-2DF9-48BE-9AB9-CA7819E852D4}.Release|ARM64.ActiveCfg = Release|ARM64
		{95601854-2DF9-48BE-9AB9-CA7819E852D4}.Release|ARM64.Build.0 = Release|ARM64
		{95601854-2DF9-48BE-9AB9-CA7819E852D4}.Release|Any CPU.ActiveCfg = Release|Any CPU
		{95601854-2DF9-48BE-9AB9-CA7819E852D4}.Release|Any CPU.Build.0 = Release|Any CPU
		{19CA5992-CC42-45FF-9199-13C2FA454CF7}.Debug|x64.ActiveCfg = Debug|Any CPU
		{19CA5992-CC42-45FF-9199-13C2FA454CF7}.Debug|x64.Build.0 = Debug|Any CPU
		{19CA5992-CC42-45FF-9199-13C2FA454CF7}.Debug|x86.ActiveCfg = Debug|Any CPU
		{19CA5992-CC42-45FF-9199-13C2FA454CF7}.Debug|x86.Build.0 = Debug|Any CPU
		{19CA5992-CC42-45FF-9199-13C2FA454CF7}.Debug|ARM64.ActiveCfg = Debug|Any CPU
		{19CA5992-CC42-45FF-9199-13C2FA454CF7}.Debug|ARM64.Build.0 = Debug|Any CPU
		{19CA5992-CC42-45FF-9199-13C2FA454CF7}.Debug|Any CPU.ActiveCfg = Debug|Any CPU
		{19CA5992-CC42-45FF-9199-13C2FA454CF7}.Debug|Any CPU.Build.0 = Debug|Any CPU
		{19CA5992-CC42-45FF-9199-13C2FA454CF7}.Release|x64.ActiveCfg = Release|Any CPU
		{19CA5992-CC42-45FF-9199-13C2FA454CF7}.Release|x64.Build.0 = Release|Any CPU
		{19CA5992-CC42-45FF-9199-13C2FA454CF7}.Release|x86.ActiveCfg = Release|Any CPU
		{19CA5992-CC42-45FF-9199-13C2FA454CF7}.Release|x86.Build.0 = Release|Any CPU
		{19CA5992-CC42-45FF-9199-13C2FA454CF7}.Release|ARM64.ActiveCfg = Release|Any CPU
		{19CA5992-CC42-45FF-9199-13C2FA454CF7}.Release|ARM64.Build.0 = Release|Any CPU
		{19CA5992-CC42-45FF-9199-13C2FA454CF7}.Release|Any CPU.ActiveCfg = Release|Any CPU
		{19CA5992-CC42-45FF-9199-13C2FA454CF7}.Release|Any CPU.Build.0 = Release|Any CPU
		{203240E6-5631-4564-AC6C-6E44B7F5FF29}.Debug|x64.ActiveCfg = Debug|Any CPU
		{203240E6-5631-4564-AC6C-6E44B7F5FF29}.Debug|x64.Build.0 = Debug|Any CPU
		{203240E6-5631-4564-AC6C-6E44B7F5FF29}.Debug|x86.ActiveCfg = Debug|Any CPU
		{203240E6-5631-4564-AC6C-6E44B7F5FF29}.Debug|x86.Build.0 = Debug|Any CPU
		{203240E6-5631-4564-AC6C-6E44B7F5FF29}.Debug|ARM64.ActiveCfg = Debug|Any CPU
		{203240E6-5631-4564-AC6C-6E44B7F5FF29}.Debug|ARM64.Build.0 = Debug|Any CPU
		{203240E6-5631-4564-AC6C-6E44B7F5FF29}.Debug|Any CPU.ActiveCfg = Debug|Any CPU
		{203240E6-5631-4564-AC6C-6E44B7F5FF29}.Debug|Any CPU.Build.0 = Debug|Any CPU
		{203240E6-5631-4564-AC6C-6E44B7F5FF29}.Release|x64.ActiveCfg = Release|Any CPU
		{203240E6-5631-4564-AC6C-6E44B7F5FF29}.Release|x64.Build.0 = Release|Any CPU
		{203240E6-5631-4564-AC6C-6E44B7F5FF29}.Release|x86.ActiveCfg = Release|Any CPU
		{203240E6-5631-4564-AC6C-6E44B7F5FF29}.Release|x86.Build.0 = Release|Any CPU
		{203240E6-5631-4564-AC6C-6E44B7F5FF29}.Release|ARM64.ActiveCfg = Release|Any CPU
		{203240E6-5631-4564-AC6C-6E44B7F5FF29}.Release|ARM64.Build.0 = Release|Any CPU
		{203240E6-5631-4564-AC6C-6E44B7F5FF29}.Release|Any CPU.ActiveCfg = Release|Any CPU
		{203240E6-5631-4564-AC6C-6E44B7F5FF29}.Release|Any CPU.Build.0 = Release|Any CPU
	EndGlobalSection
	GlobalSection(SolutionProperties) = preSolution
		HideSolutionNode = FALSE
	EndGlobalSection
	GlobalSection(NestedProjects) = preSolution
		{0F757832-3345-442D-AA1F-422FD422116D} = {2422F3D8-A9E4-480F-A25B-372EE2184C02}
		{95601854-2DF9-48BE-9AB9-CA7819E852D4} = {2422F3D8-A9E4-480F-A25B-372EE2184C02}
		{19CA5992-CC42-45FF-9199-13C2FA454CF7} = {2C202FFA-4041-4AF6-B384-1D0098CF40CD}
		{203240E6-5631-4564-AC6C-6E44B7F5FF29} = {07C2787E-EAC7-C090-1BA3-A61EC2A24D84}
	EndGlobalSection
EndGlobal
